
Microsoft Visual Studio Solution File, Format Version 12.00
# Visual Studio Version 16
VisualStudioVersion = 16.0.34031.81
MinimumVisualStudioVersion = 10.0.40219.1
Project("{FAE04EC0-301F-11D3-BF4B-00C04F79EFBC}") = "PruebaGitHub", "PruebaGitHub.csproj", "{74C13DFC-E08A-43F4-9871-1D5F177311F5}"
EndProject
Global
	GlobalSection(SolutionConfigurationPlatforms) = preSolution
		Debug|Any CPU = Debug|Any CPU
		Release|Any CPU = Release|Any CPU
	EndGlobalSection
	GlobalSection(ProjectConfigurationPlatforms) = postSolution
		{74C13DFC-E08A-43F4-9871-1D5F177311F5}.Debug|Any CPU.ActiveCfg = Debug|Any CPU
		{74C13DFC-E08A-43F4-9871-1D5F177311F5}.Debug|Any CPU.Build.0 = Debug|Any CPU
		{74C13DFC-E08A-43F4-9871-1D5F177311F5}.Release|Any CPU.ActiveCfg = Release|Any CPU
		{74C13DFC-E08A-43F4-9871-1D5F177311F5}.Release|Any CPU.Build.0 = Release|Any CPU
	EndGlobalSection
	GlobalSection(SolutionProperties) = preSolution
		HideSolutionNode = FALSE
	EndGlobalSection
	GlobalSection(ExtensibilityGlobals) = postSolution
		SolutionGuid = {E6AA6BD3-ADFA-4305-B5C2-C011FF324061}
	EndGlobalSection
EndGlobal
